
Microsoft Visual Studio Solution File, Format Version 12.00
# Visual Studio Version 16
VisualStudioVersion = 16.0.29025.244
MinimumVisualStudioVersion = 10.0.40219.1
Project("{FAE04EC0-301F-11D3-BF4B-00C04F79EFBC}") = "5.2.AbstractClasses", "5.2.AbstractClasses\5.2.AbstractClasses.csproj", "{9E67913B-D793-4FBE-92DE-D17DCB17C87D}"
EndProject
Global
	GlobalSection(SolutionConfigurationPlatforms) = preSolution
		Debug|Any CPU = Debug|Any CPU
		Release|Any CPU = Release|Any CPU
	EndGlobalSection
	GlobalSection(ProjectConfigurationPlatforms) = postSolution
		{9E67913B-D793-4FBE-92DE-D17DCB17C87D}.Debug|Any CPU.ActiveCfg = Debug|Any CPU
		{9E67913B-D793-4FBE-92DE-D17DCB17C87D}.Debug|Any CPU.Build.0 = Debug|Any CPU
		{9E67913B-D793-4FBE-92DE-D17DCB17C87D}.Release|Any CPU.ActiveCfg = Release|Any CPU
		{9E67913B-D793-4FBE-92DE-D17DCB17C87D}.Release|Any CPU.Build.0 = Release|Any CPU
	EndGlobalSection
	GlobalSection(SolutionProperties) = preSolution
		HideSolutionNode = FALSE
	EndGlobalSection
	GlobalSection(ExtensibilityGlobals) = postSolution
		SolutionGuid = {C06214CF-8A69-48BD-B1D4-9407A988F99E}
	EndGlobalSection
EndGlobal
